// !$*UTF8*$!
{
	archiveVersion = 1;
	classes = {
	};
	objectVersion = 55;
	objects = {

/* Begin PBXBuildFile section */
		DC6A0763276CD19F005E326C /* DetailsItemViewModel.swift in Sources */ = {isa = PBXBuildFile; fileRef = DC6A0762276CD19F005E326C /* DetailsItemViewModel.swift */; };
		DC6A0770276CF5D1005E326C /* WeatherDetailsViewModelTests.swift in Sources */ = {isa = PBXBuildFile; fileRef = DC6A076F276CF5D1005E326C /* WeatherDetailsViewModelTests.swift */; };
		DC6A0772276CF608005E326C /* SearchViewModelTests.swift in Sources */ = {isa = PBXBuildFile; fileRef = DC6A0771276CF608005E326C /* SearchViewModelTests.swift */; };
		DC6A0777276CF698005E326C /* MockURLProtocol.swift in Sources */ = {isa = PBXBuildFile; fileRef = DC6A0776276CF698005E326C /* MockURLProtocol.swift */; };
		DC6A0779276CF6A5005E326C /* MockSessionBuilder.swift in Sources */ = {isa = PBXBuildFile; fileRef = DC6A0778276CF6A5005E326C /* MockSessionBuilder.swift */; };
		DC6A077D276CF752005E326C /* WeatherDetails.json in Resources */ = {isa = PBXBuildFile; fileRef = DC6A077C276CF752005E326C /* WeatherDetails.json */; };
		DC6A077F276CF7AC005E326C /* SearchResults.json in Resources */ = {isa = PBXBuildFile; fileRef = DC6A077E276CF7AC005E326C /* SearchResults.json */; };
		DC6A0781276CFA32005E326C /* XCTestCase+Extensions.swift in Sources */ = {isa = PBXBuildFile; fileRef = DC6A0780276CFA32005E326C /* XCTestCase+Extensions.swift */; };
		DC6A0783276CFB51005E326C /* MockSearchRepository.swift in Sources */ = {isa = PBXBuildFile; fileRef = DC6A0782276CFB51005E326C /* MockSearchRepository.swift */; };
		DC6A0785276D033A005E326C /* Utils.swift in Sources */ = {isa = PBXBuildFile; fileRef = DC6A077A276CF71C005E326C /* Utils.swift */; };
		DCB626C2276C84DC00B14BA0 /* AppDelegate.swift in Sources */ = {isa = PBXBuildFile; fileRef = DCB626C1276C84DC00B14BA0 /* AppDelegate.swift */; };
		DCB626C4276C84DC00B14BA0 /* SceneDelegate.swift in Sources */ = {isa = PBXBuildFile; fileRef = DCB626C3276C84DC00B14BA0 /* SceneDelegate.swift */; };
		DCB626CB276C84DD00B14BA0 /* Assets.xcassets in Resources */ = {isa = PBXBuildFile; fileRef = DCB626CA276C84DD00B14BA0 /* Assets.xcassets */; };
		DCB626CE276C84DD00B14BA0 /* LaunchScreen.storyboard in Resources */ = {isa = PBXBuildFile; fileRef = DCB626CC276C84DD00B14BA0 /* LaunchScreen.storyboard */; };
		DCB626E3276C84DD00B14BA0 /* WeatherChallengeUITests.swift in Sources */ = {isa = PBXBuildFile; fileRef = DCB626E2276C84DD00B14BA0 /* WeatherChallengeUITests.swift */; };
		DCB626E5276C84DD00B14BA0 /* WeatherChallengeUITestsLaunchTests.swift in Sources */ = {isa = PBXBuildFile; fileRef = DCB626E4276C84DD00B14BA0 /* WeatherChallengeUITestsLaunchTests.swift */; };
		DCB626F7276C856100B14BA0 /* SearchViewController.swift in Sources */ = {isa = PBXBuildFile; fileRef = DCB626F5276C856100B14BA0 /* SearchViewController.swift */; };
		DCB626F8276C856100B14BA0 /* SearchViewController.xib in Resources */ = {isa = PBXBuildFile; fileRef = DCB626F6276C856100B14BA0 /* SearchViewController.xib */; };
		DCB626FB276C85DF00B14BA0 /* SearchViewModel.swift in Sources */ = {isa = PBXBuildFile; fileRef = DCB626FA276C85DF00B14BA0 /* SearchViewModel.swift */; };
		DCB62705276C92F000B14BA0 /* UIView+AutoLayout.swift in Sources */ = {isa = PBXBuildFile; fileRef = DCB62701276C92F000B14BA0 /* UIView+AutoLayout.swift */; };
		DCB62706276C92F000B14BA0 /* UIView+Extensions.swift in Sources */ = {isa = PBXBuildFile; fileRef = DCB62702276C92F000B14BA0 /* UIView+Extensions.swift */; };
		DCB62708276C92F000B14BA0 /* UIViewController+Extensions.swift in Sources */ = {isa = PBXBuildFile; fileRef = DCB62704276C92F000B14BA0 /* UIViewController+Extensions.swift */; };
		DCB62711276C98FC00B14BA0 /* Logger.swift in Sources */ = {isa = PBXBuildFile; fileRef = DCB6270A276C98FC00B14BA0 /* Logger.swift */; };
		DCB62712276C98FC00B14BA0 /* WeatherService.swift in Sources */ = {isa = PBXBuildFile; fileRef = DCB6270B276C98FC00B14BA0 /* WeatherService.swift */; };
		DCB62713276C98FC00B14BA0 /* HTTPMethod.swift in Sources */ = {isa = PBXBuildFile; fileRef = DCB6270C276C98FC00B14BA0 /* HTTPMethod.swift */; };
		DCB62714276C98FC00B14BA0 /* Parser.swift in Sources */ = {isa = PBXBuildFile; fileRef = DCB6270D276C98FC00B14BA0 /* Parser.swift */; };
		DCB62715276C98FC00B14BA0 /* NetworkHandler.swift in Sources */ = {isa = PBXBuildFile; fileRef = DCB6270E276C98FC00B14BA0 /* NetworkHandler.swift */; };
		DCB62716276C98FC00B14BA0 /* EndPoint.swift in Sources */ = {isa = PBXBuildFile; fileRef = DCB6270F276C98FC00B14BA0 /* EndPoint.swift */; };
		DCB62717276C98FC00B14BA0 /* APIHandler.swift in Sources */ = {isa = PBXBuildFile; fileRef = DCB62710276C98FC00B14BA0 /* APIHandler.swift */; };
		DCB6271B276C9C9800B14BA0 /* Environment.swift in Sources */ = {isa = PBXBuildFile; fileRef = DCB6271A276C9C9800B14BA0 /* Environment.swift */; };
		DCB6271E276CA2D800B14BA0 /* SearchResult.swift in Sources */ = {isa = PBXBuildFile; fileRef = DCB6271D276CA2D800B14BA0 /* SearchResult.swift */; };
		DCB62720276CA34900B14BA0 /* SearchRepository.swift in Sources */ = {isa = PBXBuildFile; fileRef = DCB6271F276CA34900B14BA0 /* SearchRepository.swift */; };
		DCB62722276CA5FC00B14BA0 /* DataState.swift in Sources */ = {isa = PBXBuildFile; fileRef = DCB62721276CA5FC00B14BA0 /* DataState.swift */; };
		DCB62724276CB51C00B14BA0 /* AppColor.swift in Sources */ = {isa = PBXBuildFile; fileRef = DCB62723276CB51C00B14BA0 /* AppColor.swift */; };
		DCB62729276CBADE00B14BA0 /* WeatherDetailsViewModel.swift in Sources */ = {isa = PBXBuildFile; fileRef = DCB62728276CBADE00B14BA0 /* WeatherDetailsViewModel.swift */; };
		DCB6272C276CBB1200B14BA0 /* WeatherDetailsViewController.swift in Sources */ = {isa = PBXBuildFile; fileRef = DCB6272A276CBB1200B14BA0 /* WeatherDetailsViewController.swift */; };
		DCB6272D276CBB1200B14BA0 /* WeatherDetailsViewController.xib in Resources */ = {isa = PBXBuildFile; fileRef = DCB6272B276CBB1200B14BA0 /* WeatherDetailsViewController.xib */; };
		DCB6272F276CBF7800B14BA0 /* City.swift in Sources */ = {isa = PBXBuildFile; fileRef = DCB6272E276CBF7800B14BA0 /* City.swift */; };
		DCB62731276CBFE800B14BA0 /* CityInfo.swift in Sources */ = {isa = PBXBuildFile; fileRef = DCB62730276CBFE800B14BA0 /* CityInfo.swift */; };
		DCB62733276CC00000B14BA0 /* WeatherDetails.swift in Sources */ = {isa = PBXBuildFile; fileRef = DCB62732276CC00000B14BA0 /* WeatherDetails.swift */; };
		DCB62735276CC01300B14BA0 /* WeatherCondition.swift in Sources */ = {isa = PBXBuildFile; fileRef = DCB62734276CC01300B14BA0 /* WeatherCondition.swift */; };
/* End PBXBuildFile section */

/* Begin PBXContainerItemProxy section */
		DCB626D5276C84DD00B14BA0 /* PBXContainerItemProxy */ = {
			isa = PBXContainerItemProxy;
			containerPortal = DCB626B6276C84DC00B14BA0 /* Project object */;
			proxyType = 1;
			remoteGlobalIDString = DCB626BD276C84DC00B14BA0;
			remoteInfo = WeatherChallenge;
		};
		DCB626DF276C84DD00B14BA0 /* PBXContainerItemProxy */ = {
			isa = PBXContainerItemProxy;
			containerPortal = DCB626B6276C84DC00B14BA0 /* Project object */;
			proxyType = 1;
			remoteGlobalIDString = DCB626BD276C84DC00B14BA0;
			remoteInfo = WeatherChallenge;
		};
/* End PBXContainerItemProxy section */

/* Begin PBXFileReference section */
		DC6A0762276CD19F005E326C /* DetailsItemViewModel.swift */ = {isa = PBXFileReference; lastKnownFileType = sourcecode.swift; path = DetailsItemViewModel.swift; sourceTree = "<group>"; };
		DC6A076F276CF5D1005E326C /* WeatherDetailsViewModelTests.swift */ = {isa = PBXFileReference; lastKnownFileType = sourcecode.swift; path = WeatherDetailsViewModelTests.swift; sourceTree = "<group>"; };
		DC6A0771276CF608005E326C /* SearchViewModelTests.swift */ = {isa = PBXFileReference; lastKnownFileType = sourcecode.swift; path = SearchViewModelTests.swift; sourceTree = "<group>"; };
		DC6A0776276CF698005E326C /* MockURLProtocol.swift */ = {isa = PBXFileReference; fileEncoding = 4; lastKnownFileType = sourcecode.swift; path = MockURLProtocol.swift; sourceTree = "<group>"; };
		DC6A0778276CF6A5005E326C /* MockSessionBuilder.swift */ = {isa = PBXFileReference; fileEncoding = 4; lastKnownFileType = sourcecode.swift; path = MockSessionBuilder.swift; sourceTree = "<group>"; };
		DC6A077A276CF71C005E326C /* Utils.swift */ = {isa = PBXFileReference; fileEncoding = 4; lastKnownFileType = sourcecode.swift; path = Utils.swift; sourceTree = "<group>"; };
		DC6A077C276CF752005E326C /* WeatherDetails.json */ = {isa = PBXFileReference; fileEncoding = 4; lastKnownFileType = text.json; path = WeatherDetails.json; sourceTree = "<group>"; };
		DC6A077E276CF7AC005E326C /* SearchResults.json */ = {isa = PBXFileReference; lastKnownFileType = text.json; path = SearchResults.json; sourceTree = "<group>"; };
		DC6A0780276CFA32005E326C /* XCTestCase+Extensions.swift */ = {isa = PBXFileReference; lastKnownFileType = sourcecode.swift; path = "XCTestCase+Extensions.swift"; sourceTree = "<group>"; };
		DC6A0782276CFB51005E326C /* MockSearchRepository.swift */ = {isa = PBXFileReference; lastKnownFileType = sourcecode.swift; path = MockSearchRepository.swift; sourceTree = "<group>"; };
		DCB626BE276C84DC00B14BA0 /* WeatherChallenge.app */ = {isa = PBXFileReference; explicitFileType = wrapper.application; includeInIndex = 0; path = WeatherChallenge.app; sourceTree = BUILT_PRODUCTS_DIR; };
		DCB626C1276C84DC00B14BA0 /* AppDelegate.swift */ = {isa = PBXFileReference; lastKnownFileType = sourcecode.swift; path = AppDelegate.swift; sourceTree = "<group>"; };
		DCB626C3276C84DC00B14BA0 /* SceneDelegate.swift */ = {isa = PBXFileReference; lastKnownFileType = sourcecode.swift; path = SceneDelegate.swift; sourceTree = "<group>"; };
		DCB626CA276C84DD00B14BA0 /* Assets.xcassets */ = {isa = PBXFileReference; lastKnownFileType = folder.assetcatalog; path = Assets.xcassets; sourceTree = "<group>"; };
		DCB626CD276C84DD00B14BA0 /* Base */ = {isa = PBXFileReference; lastKnownFileType = file.storyboard; name = Base; path = Base.lproj/LaunchScreen.storyboard; sourceTree = "<group>"; };
		DCB626CF276C84DD00B14BA0 /* Info.plist */ = {isa = PBXFileReference; lastKnownFileType = text.plist.xml; path = Info.plist; sourceTree = "<group>"; };
		DCB626D4276C84DD00B14BA0 /* WeatherChallengeTests.xctest */ = {isa = PBXFileReference; explicitFileType = wrapper.cfbundle; includeInIndex = 0; path = WeatherChallengeTests.xctest; sourceTree = BUILT_PRODUCTS_DIR; };
		DCB626DE276C84DD00B14BA0 /* WeatherChallengeUITests.xctest */ = {isa = PBXFileReference; explicitFileType = wrapper.cfbundle; includeInIndex = 0; path = WeatherChallengeUITests.xctest; sourceTree = BUILT_PRODUCTS_DIR; };
		DCB626E2276C84DD00B14BA0 /* WeatherChallengeUITests.swift */ = {isa = PBXFileReference; lastKnownFileType = sourcecode.swift; path = WeatherChallengeUITests.swift; sourceTree = "<group>"; };
		DCB626E4276C84DD00B14BA0 /* WeatherChallengeUITestsLaunchTests.swift */ = {isa = PBXFileReference; lastKnownFileType = sourcecode.swift; path = WeatherChallengeUITestsLaunchTests.swift; sourceTree = "<group>"; };
		DCB626F5276C856100B14BA0 /* SearchViewController.swift */ = {isa = PBXFileReference; lastKnownFileType = sourcecode.swift; path = SearchViewController.swift; sourceTree = "<group>"; };
		DCB626F6276C856100B14BA0 /* SearchViewController.xib */ = {isa = PBXFileReference; lastKnownFileType = file.xib; path = SearchViewController.xib; sourceTree = "<group>"; };
		DCB626FA276C85DF00B14BA0 /* SearchViewModel.swift */ = {isa = PBXFileReference; lastKnownFileType = sourcecode.swift; path = SearchViewModel.swift; sourceTree = "<group>"; };
		DCB62701276C92F000B14BA0 /* UIView+AutoLayout.swift */ = {isa = PBXFileReference; fileEncoding = 4; lastKnownFileType = sourcecode.swift; path = "UIView+AutoLayout.swift"; sourceTree = "<group>"; };
		DCB62702276C92F000B14BA0 /* UIView+Extensions.swift */ = {isa = PBXFileReference; fileEncoding = 4; lastKnownFileType = sourcecode.swift; path = "UIView+Extensions.swift"; sourceTree = "<group>"; };
		DCB62704276C92F000B14BA0 /* UIViewController+Extensions.swift */ = {isa = PBXFileReference; fileEncoding = 4; lastKnownFileType = sourcecode.swift; path = "UIViewController+Extensions.swift"; sourceTree = "<group>"; };
		DCB6270A276C98FC00B14BA0 /* Logger.swift */ = {isa = PBXFileReference; fileEncoding = 4; lastKnownFileType = sourcecode.swift; path = Logger.swift; sourceTree = "<group>"; };
		DCB6270B276C98FC00B14BA0 /* WeatherService.swift */ = {isa = PBXFileReference; fileEncoding = 4; lastKnownFileType = sourcecode.swift; path = WeatherService.swift; sourceTree = "<group>"; };
		DCB6270C276C98FC00B14BA0 /* HTTPMethod.swift */ = {isa = PBXFileReference; fileEncoding = 4; lastKnownFileType = sourcecode.swift; path = HTTPMethod.swift; sourceTree = "<group>"; };
		DCB6270D276C98FC00B14BA0 /* Parser.swift */ = {isa = PBXFileReference; fileEncoding = 4; lastKnownFileType = sourcecode.swift; path = Parser.swift; sourceTree = "<group>"; };
		DCB6270E276C98FC00B14BA0 /* NetworkHandler.swift */ = {isa = PBXFileReference; fileEncoding = 4; lastKnownFileType = sourcecode.swift; path = NetworkHandler.swift; sourceTree = "<group>"; };
		DCB6270F276C98FC00B14BA0 /* EndPoint.swift */ = {isa = PBXFileReference; fileEncoding = 4; lastKnownFileType = sourcecode.swift; path = EndPoint.swift; sourceTree = "<group>"; };
		DCB62710276C98FC00B14BA0 /* APIHandler.swift */ = {isa = PBXFileReference; fileEncoding = 4; lastKnownFileType = sourcecode.swift; path = APIHandler.swift; sourceTree = "<group>"; };
		DCB6271A276C9C9800B14BA0 /* Environment.swift */ = {isa = PBXFileReference; fileEncoding = 4; lastKnownFileType = sourcecode.swift; path = Environment.swift; sourceTree = "<group>"; };
		DCB6271D276CA2D800B14BA0 /* SearchResult.swift */ = {isa = PBXFileReference; lastKnownFileType = sourcecode.swift; path = SearchResult.swift; sourceTree = "<group>"; };
		DCB6271F276CA34900B14BA0 /* SearchRepository.swift */ = {isa = PBXFileReference; lastKnownFileType = sourcecode.swift; path = SearchRepository.swift; sourceTree = "<group>"; };
		DCB62721276CA5FC00B14BA0 /* DataState.swift */ = {isa = PBXFileReference; fileEncoding = 4; lastKnownFileType = sourcecode.swift; path = DataState.swift; sourceTree = "<group>"; };
		DCB62723276CB51C00B14BA0 /* AppColor.swift */ = {isa = PBXFileReference; fileEncoding = 4; lastKnownFileType = sourcecode.swift; path = AppColor.swift; sourceTree = "<group>"; };
		DCB62728276CBADE00B14BA0 /* WeatherDetailsViewModel.swift */ = {isa = PBXFileReference; lastKnownFileType = sourcecode.swift; path = WeatherDetailsViewModel.swift; sourceTree = "<group>"; };
		DCB6272A276CBB1200B14BA0 /* WeatherDetailsViewController.swift */ = {isa = PBXFileReference; lastKnownFileType = sourcecode.swift; path = WeatherDetailsViewController.swift; sourceTree = "<group>"; };
		DCB6272B276CBB1200B14BA0 /* WeatherDetailsViewController.xib */ = {isa = PBXFileReference; lastKnownFileType = file.xib; path = WeatherDetailsViewController.xib; sourceTree = "<group>"; };
		DCB6272E276CBF7800B14BA0 /* City.swift */ = {isa = PBXFileReference; lastKnownFileType = sourcecode.swift; path = City.swift; sourceTree = "<group>"; };
		DCB62730276CBFE800B14BA0 /* CityInfo.swift */ = {isa = PBXFileReference; lastKnownFileType = sourcecode.swift; path = CityInfo.swift; sourceTree = "<group>"; };
		DCB62732276CC00000B14BA0 /* WeatherDetails.swift */ = {isa = PBXFileReference; lastKnownFileType = sourcecode.swift; path = WeatherDetails.swift; sourceTree = "<group>"; };
		DCB62734276CC01300B14BA0 /* WeatherCondition.swift */ = {isa = PBXFileReference; lastKnownFileType = sourcecode.swift; path = WeatherCondition.swift; sourceTree = "<group>"; };
/* End PBXFileReference section */

/* Begin PBXFrameworksBuildPhase section */
		DCB626BB276C84DC00B14BA0 /* Frameworks */ = {
			isa = PBXFrameworksBuildPhase;
			buildActionMask = 2147483647;
			files = (
			);
			runOnlyForDeploymentPostprocessing = 0;
		};
		DCB626D1276C84DD00B14BA0 /* Frameworks */ = {
			isa = PBXFrameworksBuildPhase;
			buildActionMask = 2147483647;
			files = (
			);
			runOnlyForDeploymentPostprocessing = 0;
		};
		DCB626DB276C84DD00B14BA0 /* Frameworks */ = {
			isa = PBXFrameworksBuildPhase;
			buildActionMask = 2147483647;
			files = (
			);
			runOnlyForDeploymentPostprocessing = 0;
		};
/* End PBXFrameworksBuildPhase section */

/* Begin PBXGroup section */
		DC6A0773276CF672005E326C /* Helpers */ = {
			isa = PBXGroup;
			children = (
				DC6A077A276CF71C005E326C /* Utils.swift */,
				DC6A0778276CF6A5005E326C /* MockSessionBuilder.swift */,
				DC6A0776276CF698005E326C /* MockURLProtocol.swift */,
				DC6A0780276CFA32005E326C /* XCTestCase+Extensions.swift */,
			);
			path = Helpers;
			sourceTree = "<group>";
		};
		DC6A0774276CF67A005E326C /* Tests */ = {
			isa = PBXGroup;
			children = (
				DC6A076F276CF5D1005E326C /* WeatherDetailsViewModelTests.swift */,
				DC6A0771276CF608005E326C /* SearchViewModelTests.swift */,
			);
			path = Tests;
			sourceTree = "<group>";
		};
		DC6A0775276CF687005E326C /* Mocks */ = {
			isa = PBXGroup;
			children = (
				DC6A077C276CF752005E326C /* WeatherDetails.json */,
				DC6A077E276CF7AC005E326C /* SearchResults.json */,
				DC6A0782276CFB51005E326C /* MockSearchRepository.swift */,
			);
			path = Mocks;
			sourceTree = "<group>";
		};
		DCB626B5276C84DC00B14BA0 = {
			isa = PBXGroup;
			children = (
				DCB626C0276C84DC00B14BA0 /* WeatherChallenge */,
				DCB626D7276C84DD00B14BA0 /* WeatherChallengeTests */,
				DCB626E1276C84DD00B14BA0 /* WeatherChallengeUITests */,
				DCB626BF276C84DC00B14BA0 /* Products */,
			);
			sourceTree = "<group>";
		};
		DCB626BF276C84DC00B14BA0 /* Products */ = {
			isa = PBXGroup;
			children = (
				DCB626BE276C84DC00B14BA0 /* WeatherChallenge.app */,
				DCB626D4276C84DD00B14BA0 /* WeatherChallengeTests.xctest */,
				DCB626DE276C84DD00B14BA0 /* WeatherChallengeUITests.xctest */,
			);
			name = Products;
			sourceTree = "<group>";
		};
		DCB626C0276C84DC00B14BA0 /* WeatherChallenge */ = {
			isa = PBXGroup;
			children = (
				DCB626FD276C925300B14BA0 /* Configuration */,
				DCB626FF276C926700B14BA0 /* Data */,
				DCB626F2276C853500B14BA0 /* Domain */,
				DCB626FE276C925E00B14BA0 /* Infrastructure */,
				DCB626F1276C852A00B14BA0 /* Presentation */,
				DCB626FC276C924A00B14BA0 /* Shared */,
			);
			path = WeatherChallenge;
			sourceTree = "<group>";
		};
		DCB626D7276C84DD00B14BA0 /* WeatherChallengeTests */ = {
			isa = PBXGroup;
			children = (
				DC6A0775276CF687005E326C /* Mocks */,
				DC6A0774276CF67A005E326C /* Tests */,
				DC6A0773276CF672005E326C /* Helpers */,
			);
			path = WeatherChallengeTests;
			sourceTree = "<group>";
		};
		DCB626E1276C84DD00B14BA0 /* WeatherChallengeUITests */ = {
			isa = PBXGroup;
			children = (
				DCB626E2276C84DD00B14BA0 /* WeatherChallengeUITests.swift */,
				DCB626E4276C84DD00B14BA0 /* WeatherChallengeUITestsLaunchTests.swift */,
			);
			path = WeatherChallengeUITests;
			sourceTree = "<group>";
		};
		DCB626F1276C852A00B14BA0 /* Presentation */ = {
			isa = PBXGroup;
			children = (
				DCB62725276CBAA100B14BA0 /* WeatherDetails */,
				DCB626F3276C854000B14BA0 /* Search */,
			);
			path = Presentation;
			sourceTree = "<group>";
		};
		DCB626F2276C853500B14BA0 /* Domain */ = {
			isa = PBXGroup;
			children = (
				DCB6271C276CA2BF00B14BA0 /* Entities */,
			);
			path = Domain;
			sourceTree = "<group>";
		};
		DCB626F3276C854000B14BA0 /* Search */ = {
			isa = PBXGroup;
			children = (
				DCB626F9276C85CE00B14BA0 /* ViewModel */,
				DCB626F4276C854800B14BA0 /* View */,
			);
			path = Search;
			sourceTree = "<group>";
		};
		DCB626F4276C854800B14BA0 /* View */ = {
			isa = PBXGroup;
			children = (
				DCB626F5276C856100B14BA0 /* SearchViewController.swift */,
				DCB626F6276C856100B14BA0 /* SearchViewController.xib */,
			);
			path = View;
			sourceTree = "<group>";
		};
		DCB626F9276C85CE00B14BA0 /* ViewModel */ = {
			isa = PBXGroup;
			children = (
				DCB626FA276C85DF00B14BA0 /* SearchViewModel.swift */,
			);
			path = ViewModel;
			sourceTree = "<group>";
		};
		DCB626FC276C924A00B14BA0 /* Shared */ = {
			isa = PBXGroup;
			children = (
				DCB62723276CB51C00B14BA0 /* AppColor.swift */,
				DCB62721276CA5FC00B14BA0 /* DataState.swift */,
				DCB62700276C92D800B14BA0 /* Extensions */,
				DCB626CC276C84DD00B14BA0 /* LaunchScreen.storyboard */,
				DCB626CA276C84DD00B14BA0 /* Assets.xcassets */,
			);
			path = Shared;
			sourceTree = "<group>";
		};
		DCB626FD276C925300B14BA0 /* Configuration */ = {
			isa = PBXGroup;
			children = (
				DCB626C1276C84DC00B14BA0 /* AppDelegate.swift */,
				DCB626C3276C84DC00B14BA0 /* SceneDelegate.swift */,
				DCB6271A276C9C9800B14BA0 /* Environment.swift */,
				DCB626CF276C84DD00B14BA0 /* Info.plist */,
			);
			path = Configuration;
			sourceTree = "<group>";
		};
		DCB626FE276C925E00B14BA0 /* Infrastructure */ = {
			isa = PBXGroup;
			children = (
				DCB62709276C98FC00B14BA0 /* Networking */,
			);
			path = Infrastructure;
			sourceTree = "<group>";
		};
		DCB626FF276C926700B14BA0 /* Data */ = {
			isa = PBXGroup;
			children = (
				DCB62719276C993300B14BA0 /* Repository */,
				DCB62718276C992600B14BA0 /* Services */,
			);
			path = Data;
			sourceTree = "<group>";
		};
		DCB62700276C92D800B14BA0 /* Extensions */ = {
			isa = PBXGroup;
			children = (
				DCB62701276C92F000B14BA0 /* UIView+AutoLayout.swift */,
				DCB62702276C92F000B14BA0 /* UIView+Extensions.swift */,
				DCB62704276C92F000B14BA0 /* UIViewController+Extensions.swift */,
			);
			path = Extensions;
			sourceTree = "<group>";
		};
		DCB62709276C98FC00B14BA0 /* Networking */ = {
			isa = PBXGroup;
			children = (
				DCB6270A276C98FC00B14BA0 /* Logger.swift */,
				DCB6270C276C98FC00B14BA0 /* HTTPMethod.swift */,
				DCB6270D276C98FC00B14BA0 /* Parser.swift */,
				DCB6270E276C98FC00B14BA0 /* NetworkHandler.swift */,
				DCB6270F276C98FC00B14BA0 /* EndPoint.swift */,
				DCB62710276C98FC00B14BA0 /* APIHandler.swift */,
			);
			path = Networking;
			sourceTree = "<group>";
		};
		DCB62718276C992600B14BA0 /* Services */ = {
			isa = PBXGroup;
			children = (
				DCB6270B276C98FC00B14BA0 /* WeatherService.swift */,
			);
			path = Services;
			sourceTree = "<group>";
		};
		DCB62719276C993300B14BA0 /* Repository */ = {
			isa = PBXGroup;
			children = (
				DCB6271F276CA34900B14BA0 /* SearchRepository.swift */,
			);
			path = Repository;
			sourceTree = "<group>";
		};
		DCB6271C276CA2BF00B14BA0 /* Entities */ = {
			isa = PBXGroup;
			children = (
				DCB6271D276CA2D800B14BA0 /* SearchResult.swift */,
				DCB6272E276CBF7800B14BA0 /* City.swift */,
				DCB62730276CBFE800B14BA0 /* CityInfo.swift */,
				DCB62732276CC00000B14BA0 /* WeatherDetails.swift */,
				DCB62734276CC01300B14BA0 /* WeatherCondition.swift */,
			);
			path = Entities;
			sourceTree = "<group>";
		};
		DCB62725276CBAA100B14BA0 /* WeatherDetails */ = {
			isa = PBXGroup;
			children = (
				DCB62727276CBAC600B14BA0 /* View */,
				DCB62726276CBABF00B14BA0 /* ViewModel */,
			);
			path = WeatherDetails;
			sourceTree = "<group>";
		};
		DCB62726276CBABF00B14BA0 /* ViewModel */ = {
			isa = PBXGroup;
			children = (
				DCB62728276CBADE00B14BA0 /* WeatherDetailsViewModel.swift */,
				DC6A0762276CD19F005E326C /* DetailsItemViewModel.swift */,
			);
			path = ViewModel;
			sourceTree = "<group>";
		};
		DCB62727276CBAC600B14BA0 /* View */ = {
			isa = PBXGroup;
			children = (
				DCB6272A276CBB1200B14BA0 /* WeatherDetailsViewController.swift */,
				DCB6272B276CBB1200B14BA0 /* WeatherDetailsViewController.xib */,
			);
			path = View;
			sourceTree = "<group>";
		};
/* End PBXGroup section */

/* Begin PBXNativeTarget section */
		DCB626BD276C84DC00B14BA0 /* WeatherChallenge */ = {
			isa = PBXNativeTarget;
			buildConfigurationList = DCB626E8276C84DD00B14BA0 /* Build configuration list for PBXNativeTarget "WeatherChallenge" */;
			buildPhases = (
				DCB626BA276C84DC00B14BA0 /* Sources */,
				DCB626BB276C84DC00B14BA0 /* Frameworks */,
				DCB626BC276C84DC00B14BA0 /* Resources */,
			);
			buildRules = (
			);
			dependencies = (
			);
			name = WeatherChallenge;
			productName = WeatherChallenge;
			productReference = DCB626BE276C84DC00B14BA0 /* WeatherChallenge.app */;
			productType = "com.apple.product-type.application";
		};
		DCB626D3276C84DD00B14BA0 /* WeatherChallengeTests */ = {
			isa = PBXNativeTarget;
			buildConfigurationList = DCB626EB276C84DD00B14BA0 /* Build configuration list for PBXNativeTarget "WeatherChallengeTests" */;
			buildPhases = (
				DCB626D0276C84DD00B14BA0 /* Sources */,
				DCB626D1276C84DD00B14BA0 /* Frameworks */,
				DCB626D2276C84DD00B14BA0 /* Resources */,
			);
			buildRules = (
			);
			dependencies = (
				DCB626D6276C84DD00B14BA0 /* PBXTargetDependency */,
			);
			name = WeatherChallengeTests;
			productName = WeatherChallengeTests;
			productReference = DCB626D4276C84DD00B14BA0 /* WeatherChallengeTests.xctest */;
			productType = "com.apple.product-type.bundle.unit-test";
		};
		DCB626DD276C84DD00B14BA0 /* WeatherChallengeUITests */ = {
			isa = PBXNativeTarget;
			buildConfigurationList = DCB626EE276C84DD00B14BA0 /* Build configuration list for PBXNativeTarget "WeatherChallengeUITests" */;
			buildPhases = (
				DCB626DA276C84DD00B14BA0 /* Sources */,
				DCB626DB276C84DD00B14BA0 /* Frameworks */,
				DCB626DC276C84DD00B14BA0 /* Resources */,
			);
			buildRules = (
			);
			dependencies = (
				DCB626E0276C84DD00B14BA0 /* PBXTargetDependency */,
			);
			name = WeatherChallengeUITests;
			productName = WeatherChallengeUITests;
			productReference = DCB626DE276C84DD00B14BA0 /* WeatherChallengeUITests.xctest */;
			productType = "com.apple.product-type.bundle.ui-testing";
		};
/* End PBXNativeTarget section */

/* Begin PBXProject section */
		DCB626B6276C84DC00B14BA0 /* Project object */ = {
			isa = PBXProject;
			attributes = {
				BuildIndependentTargetsInParallel = 1;
				LastSwiftUpdateCheck = 1310;
				LastUpgradeCheck = 1310;
				TargetAttributes = {
					DCB626BD276C84DC00B14BA0 = {
						CreatedOnToolsVersion = 13.1;
					};
					DCB626D3276C84DD00B14BA0 = {
						CreatedOnToolsVersion = 13.1;
						LastSwiftMigration = 1310;
						TestTargetID = DCB626BD276C84DC00B14BA0;
					};
					DCB626DD276C84DD00B14BA0 = {
						CreatedOnToolsVersion = 13.1;
						TestTargetID = DCB626BD276C84DC00B14BA0;
					};
				};
			};
			buildConfigurationList = DCB626B9276C84DC00B14BA0 /* Build configuration list for PBXProject "WeatherChallenge" */;
			compatibilityVersion = "Xcode 13.0";
			developmentRegion = en;
			hasScannedForEncodings = 0;
			knownRegions = (
				en,
				Base,
			);
			mainGroup = DCB626B5276C84DC00B14BA0;
			productRefGroup = DCB626BF276C84DC00B14BA0 /* Products */;
			projectDirPath = "";
			projectRoot = "";
			targets = (
				DCB626BD276C84DC00B14BA0 /* WeatherChallenge */,
				DCB626D3276C84DD00B14BA0 /* WeatherChallengeTests */,
				DCB626DD276C84DD00B14BA0 /* WeatherChallengeUITests */,
			);
		};
/* End PBXProject section */

/* Begin PBXResourcesBuildPhase section */
		DCB626BC276C84DC00B14BA0 /* Resources */ = {
			isa = PBXResourcesBuildPhase;
			buildActionMask = 2147483647;
			files = (
				DCB6272D276CBB1200B14BA0 /* WeatherDetailsViewController.xib in Resources */,
				DCB626CE276C84DD00B14BA0 /* LaunchScreen.storyboard in Resources */,
				DCB626CB276C84DD00B14BA0 /* Assets.xcassets in Resources */,
				DCB626F8276C856100B14BA0 /* SearchViewController.xib in Resources */,
			);
			runOnlyForDeploymentPostprocessing = 0;
		};
		DCB626D2276C84DD00B14BA0 /* Resources */ = {
			isa = PBXResourcesBuildPhase;
			buildActionMask = 2147483647;
			files = (
				DC6A077D276CF752005E326C /* WeatherDetails.json in Resources */,
				DC6A077F276CF7AC005E326C /* SearchResults.json in Resources */,
			);
			runOnlyForDeploymentPostprocessing = 0;
		};
		DCB626DC276C84DD00B14BA0 /* Resources */ = {
			isa = PBXResourcesBuildPhase;
			buildActionMask = 2147483647;
			files = (
			);
			runOnlyForDeploymentPostprocessing = 0;
		};
/* End PBXResourcesBuildPhase section */

/* Begin PBXSourcesBuildPhase section */
		DCB626BA276C84DC00B14BA0 /* Sources */ = {
			isa = PBXSourcesBuildPhase;
			buildActionMask = 2147483647;
			files = (
				DCB62716276C98FC00B14BA0 /* EndPoint.swift in Sources */,
				DCB62706276C92F000B14BA0 /* UIView+Extensions.swift in Sources */,
				DCB62720276CA34900B14BA0 /* SearchRepository.swift in Sources */,
				DCB62731276CBFE800B14BA0 /* CityInfo.swift in Sources */,
				DCB62722276CA5FC00B14BA0 /* DataState.swift in Sources */,
				DCB6271E276CA2D800B14BA0 /* SearchResult.swift in Sources */,
				DCB6272C276CBB1200B14BA0 /* WeatherDetailsViewController.swift in Sources */,
				DCB62714276C98FC00B14BA0 /* Parser.swift in Sources */,
				DCB62729276CBADE00B14BA0 /* WeatherDetailsViewModel.swift in Sources */,
				DCB62705276C92F000B14BA0 /* UIView+AutoLayout.swift in Sources */,
				DCB6271B276C9C9800B14BA0 /* Environment.swift in Sources */,
				DCB626F7276C856100B14BA0 /* SearchViewController.swift in Sources */,
				DCB62708276C92F000B14BA0 /* UIViewController+Extensions.swift in Sources */,
				DCB62712276C98FC00B14BA0 /* WeatherService.swift in Sources */,
				DCB62724276CB51C00B14BA0 /* AppColor.swift in Sources */,
				DCB62717276C98FC00B14BA0 /* APIHandler.swift in Sources */,
				DCB626C2276C84DC00B14BA0 /* AppDelegate.swift in Sources */,
				DCB626FB276C85DF00B14BA0 /* SearchViewModel.swift in Sources */,
				DC6A0763276CD19F005E326C /* DetailsItemViewModel.swift in Sources */,
				DCB626C4276C84DC00B14BA0 /* SceneDelegate.swift in Sources */,
				DCB62735276CC01300B14BA0 /* WeatherCondition.swift in Sources */,
				DCB6272F276CBF7800B14BA0 /* City.swift in Sources */,
				DCB62713276C98FC00B14BA0 /* HTTPMethod.swift in Sources */,
				DCB62733276CC00000B14BA0 /* WeatherDetails.swift in Sources */,
				DCB62711276C98FC00B14BA0 /* Logger.swift in Sources */,
				DCB62715276C98FC00B14BA0 /* NetworkHandler.swift in Sources */,
			);
			runOnlyForDeploymentPostprocessing = 0;
		};
		DCB626D0276C84DD00B14BA0 /* Sources */ = {
			isa = PBXSourcesBuildPhase;
			buildActionMask = 2147483647;
			files = (
				DC6A0783276CFB51005E326C /* MockSearchRepository.swift in Sources */,
				DC6A0779276CF6A5005E326C /* MockSessionBuilder.swift in Sources */,
				DC6A0777276CF698005E326C /* MockURLProtocol.swift in Sources */,
				DC6A0781276CFA32005E326C /* XCTestCase+Extensions.swift in Sources */,
				DC6A0772276CF608005E326C /* SearchViewModelTests.swift in Sources */,
				DC6A0770276CF5D1005E326C /* WeatherDetailsViewModelTests.swift in Sources */,
				DC6A0785276D033A005E326C /* Utils.swift in Sources */,
			);
			runOnlyForDeploymentPostprocessing = 0;
		};
		DCB626DA276C84DD00B14BA0 /* Sources */ = {
			isa = PBXSourcesBuildPhase;
			buildActionMask = 2147483647;
			files = (
				DCB626E3276C84DD00B14BA0 /* WeatherChallengeUITests.swift in Sources */,
				DCB626E5276C84DD00B14BA0 /* WeatherChallengeUITestsLaunchTests.swift in Sources */,
			);
			runOnlyForDeploymentPostprocessing = 0;
		};
/* End PBXSourcesBuildPhase section */

/* Begin PBXTargetDependency section */
		DCB626D6276C84DD00B14BA0 /* PBXTargetDependency */ = {
			isa = PBXTargetDependency;
			target = DCB626BD276C84DC00B14BA0 /* WeatherChallenge */;
			targetProxy = DCB626D5276C84DD00B14BA0 /* PBXContainerItemProxy */;
		};
		DCB626E0276C84DD00B14BA0 /* PBXTargetDependency */ = {
			isa = PBXTargetDependency;
			target = DCB626BD276C84DC00B14BA0 /* WeatherChallenge */;
			targetProxy = DCB626DF276C84DD00B14BA0 /* PBXContainerItemProxy */;
		};
/* End PBXTargetDependency section */

/* Begin PBXVariantGroup section */
		DCB626CC276C84DD00B14BA0 /* LaunchScreen.storyboard */ = {
			isa = PBXVariantGroup;
			children = (
				DCB626CD276C84DD00B14BA0 /* Base */,
			);
			name = LaunchScreen.storyboard;
			sourceTree = "<group>";
		};
/* End PBXVariantGroup section */

/* Begin XCBuildConfiguration section */
		DCB626E6276C84DD00B14BA0 /* Debug */ = {
			isa = XCBuildConfiguration;
			buildSettings = {
				ALWAYS_SEARCH_USER_PATHS = NO;
				CLANG_ANALYZER_NONNULL = YES;
				CLANG_ANALYZER_NUMBER_OBJECT_CONVERSION = YES_AGGRESSIVE;
				CLANG_CXX_LANGUAGE_STANDARD = "gnu++17";
				CLANG_CXX_LIBRARY = "libc++";
				CLANG_ENABLE_MODULES = YES;
				CLANG_ENABLE_OBJC_ARC = YES;
				CLANG_ENABLE_OBJC_WEAK = YES;
				CLANG_WARN_BLOCK_CAPTURE_AUTORELEASING = YES;
				CLANG_WARN_BOOL_CONVERSION = YES;
				CLANG_WARN_COMMA = YES;
				CLANG_WARN_CONSTANT_CONVERSION = YES;
				CLANG_WARN_DEPRECATED_OBJC_IMPLEMENTATIONS = YES;
				CLANG_WARN_DIRECT_OBJC_ISA_USAGE = YES_ERROR;
				CLANG_WARN_DOCUMENTATION_COMMENTS = YES;
				CLANG_WARN_EMPTY_BODY = YES;
				CLANG_WARN_ENUM_CONVERSION = YES;
				CLANG_WARN_INFINITE_RECURSION = YES;
				CLANG_WARN_INT_CONVERSION = YES;
				CLANG_WARN_NON_LITERAL_NULL_CONVERSION = YES;
				CLANG_WARN_OBJC_IMPLICIT_RETAIN_SELF = YES;
				CLANG_WARN_OBJC_LITERAL_CONVERSION = YES;
				CLANG_WARN_OBJC_ROOT_CLASS = YES_ERROR;
				CLANG_WARN_QUOTED_INCLUDE_IN_FRAMEWORK_HEADER = YES;
				CLANG_WARN_RANGE_LOOP_ANALYSIS = YES;
				CLANG_WARN_STRICT_PROTOTYPES = YES;
				CLANG_WARN_SUSPICIOUS_MOVE = YES;
				CLANG_WARN_UNGUARDED_AVAILABILITY = YES_AGGRESSIVE;
				CLANG_WARN_UNREACHABLE_CODE = YES;
				CLANG_WARN__DUPLICATE_METHOD_MATCH = YES;
				COPY_PHASE_STRIP = NO;
				DEBUG_INFORMATION_FORMAT = dwarf;
				ENABLE_STRICT_OBJC_MSGSEND = YES;
				ENABLE_TESTABILITY = YES;
				GCC_C_LANGUAGE_STANDARD = gnu11;
				GCC_DYNAMIC_NO_PIC = NO;
				GCC_NO_COMMON_BLOCKS = YES;
				GCC_OPTIMIZATION_LEVEL = 0;
				GCC_PREPROCESSOR_DEFINITIONS = (
					"DEBUG=1",
					"$(inherited)",
				);
				GCC_WARN_64_TO_32_BIT_CONVERSION = YES;
				GCC_WARN_ABOUT_RETURN_TYPE = YES_ERROR;
				GCC_WARN_UNDECLARED_SELECTOR = YES;
				GCC_WARN_UNINITIALIZED_AUTOS = YES_AGGRESSIVE;
				GCC_WARN_UNUSED_FUNCTION = YES;
				GCC_WARN_UNUSED_VARIABLE = YES;
				IPHONEOS_DEPLOYMENT_TARGET = 15.0;
				MTL_ENABLE_DEBUG_INFO = INCLUDE_SOURCE;
				MTL_FAST_MATH = YES;
				ONLY_ACTIVE_ARCH = YES;
				SDKROOT = iphoneos;
				SWIFT_ACTIVE_COMPILATION_CONDITIONS = DEBUG;
				SWIFT_OPTIMIZATION_LEVEL = "-Onone";
			};
			name = Debug;
		};
		DCB626E7276C84DD00B14BA0 /* Release */ = {
			isa = XCBuildConfiguration;
			buildSettings = {
				ALWAYS_SEARCH_USER_PATHS = NO;
				CLANG_ANALYZER_NONNULL = YES;
				CLANG_ANALYZER_NUMBER_OBJECT_CONVERSION = YES_AGGRESSIVE;
				CLANG_CXX_LANGUAGE_STANDARD = "gnu++17";
				CLANG_CXX_LIBRARY = "libc++";
				CLANG_ENABLE_MODULES = YES;
				CLANG_ENABLE_OBJC_ARC = YES;
				CLANG_ENABLE_OBJC_WEAK = YES;
				CLANG_WARN_BLOCK_CAPTURE_AUTORELEASING = YES;
				CLANG_WARN_BOOL_CONVERSION = YES;
				CLANG_WARN_COMMA = YES;
				CLANG_WARN_CONSTANT_CONVERSION = YES;
				CLANG_WARN_DEPRECATED_OBJC_IMPLEMENTATIONS = YES;
				CLANG_WARN_DIRECT_OBJC_ISA_USAGE = YES_ERROR;
				CLANG_WARN_DOCUMENTATION_COMMENTS = YES;
				CLANG_WARN_EMPTY_BODY = YES;
				CLANG_WARN_ENUM_CONVERSION = YES;
				CLANG_WARN_INFINITE_RECURSION = YES;
				CLANG_WARN_INT_CONVERSION = YES;
				CLANG_WARN_NON_LITERAL_NULL_CONVERSION = YES;
				CLANG_WARN_OBJC_IMPLICIT_RETAIN_SELF = YES;
				CLANG_WARN_OBJC_LITERAL_CONVERSION = YES;
				CLANG_WARN_OBJC_ROOT_CLASS = YES_ERROR;
				CLANG_WARN_QUOTED_INCLUDE_IN_FRAMEWORK_HEADER = YES;
				CLANG_WARN_RANGE_LOOP_ANALYSIS = YES;
				CLANG_WARN_STRICT_PROTOTYPES = YES;
				CLANG_WARN_SUSPICIOUS_MOVE = YES;
				CLANG_WARN_UNGUARDED_AVAILABILITY = YES_AGGRESSIVE;
				CLANG_WARN_UNREACHABLE_CODE = YES;
				CLANG_WARN__DUPLICATE_METHOD_MATCH = YES;
				COPY_PHASE_STRIP = NO;
				DEBUG_INFORMATION_FORMAT = "dwarf-with-dsym";
				ENABLE_NS_ASSERTIONS = NO;
				ENABLE_STRICT_OBJC_MSGSEND = YES;
				GCC_C_LANGUAGE_STANDARD = gnu11;
				GCC_NO_COMMON_BLOCKS = YES;
				GCC_WARN_64_TO_32_BIT_CONVERSION = YES;
				GCC_WARN_ABOUT_RETURN_TYPE = YES_ERROR;
				GCC_WARN_UNDECLARED_SELECTOR = YES;
				GCC_WARN_UNINITIALIZED_AUTOS = YES_AGGRESSIVE;
				GCC_WARN_UNUSED_FUNCTION = YES;
				GCC_WARN_UNUSED_VARIABLE = YES;
				IPHONEOS_DEPLOYMENT_TARGET = 15.0;
				MTL_ENABLE_DEBUG_INFO = NO;
				MTL_FAST_MATH = YES;
				SDKROOT = iphoneos;
				SWIFT_COMPILATION_MODE = wholemodule;
				SWIFT_OPTIMIZATION_LEVEL = "-O";
				VALIDATE_PRODUCT = YES;
			};
			name = Release;
		};
		DCB626E9276C84DD00B14BA0 /* Debug */ = {
			isa = XCBuildConfiguration;
			buildSettings = {
				ASSETCATALOG_COMPILER_APPICON_NAME = AppIcon;
				ASSETCATALOG_COMPILER_GLOBAL_ACCENT_COLOR_NAME = AccentColor;
				CODE_SIGN_STYLE = Automatic;
				CURRENT_PROJECT_VERSION = 1;
				DEVELOPMENT_TEAM = N455B9353D;
				GENERATE_INFOPLIST_FILE = YES;
				INFOPLIST_FILE = WeatherChallenge/Configuration/Info.plist;
				INFOPLIST_KEY_UIApplicationSupportsIndirectInputEvents = YES;
				INFOPLIST_KEY_UILaunchStoryboardName = LaunchScreen;
				INFOPLIST_KEY_UISupportedInterfaceOrientations = UIInterfaceOrientationPortrait;
				INFOPLIST_KEY_UISupportedInterfaceOrientations_iPad = "UIInterfaceOrientationPortrait UIInterfaceOrientationPortraitUpsideDown UIInterfaceOrientationLandscapeLeft UIInterfaceOrientationLandscapeRight";
				INFOPLIST_KEY_UISupportedInterfaceOrientations_iPhone = "UIInterfaceOrientationPortrait UIInterfaceOrientationLandscapeLeft UIInterfaceOrientationLandscapeRight";
				IPHONEOS_DEPLOYMENT_TARGET = 13.0;
				LD_RUNPATH_SEARCH_PATHS = (
					"$(inherited)",
					"@executable_path/Frameworks",
				);
				MARKETING_VERSION = 1.0;
				PRODUCT_BUNDLE_IDENTIFIER = com.binshakerr.WeatherChallenge;
				PRODUCT_NAME = "$(TARGET_NAME)";
				SWIFT_EMIT_LOC_STRINGS = YES;
				SWIFT_VERSION = 5.0;
				TARGETED_DEVICE_FAMILY = 1;
			};
			name = Debug;
		};
		DCB626EA276C84DD00B14BA0 /* Release */ = {
			isa = XCBuildConfiguration;
			buildSettings = {
				ASSETCATALOG_COMPILER_APPICON_NAME = AppIcon;
				ASSETCATALOG_COMPILER_GLOBAL_ACCENT_COLOR_NAME = AccentColor;
				CODE_SIGN_STYLE = Automatic;
				CURRENT_PROJECT_VERSION = 1;
				DEVELOPMENT_TEAM = N455B9353D;
				GENERATE_INFOPLIST_FILE = YES;
				INFOPLIST_FILE = WeatherChallenge/Configuration/Info.plist;
				INFOPLIST_KEY_UIApplicationSupportsIndirectInputEvents = YES;
				INFOPLIST_KEY_UILaunchStoryboardName = LaunchScreen;
				INFOPLIST_KEY_UISupportedInterfaceOrientations = UIInterfaceOrientationPortrait;
				INFOPLIST_KEY_UISupportedInterfaceOrientations_iPad = "UIInterfaceOrientationPortrait UIInterfaceOrientationPortraitUpsideDown UIInterfaceOrientationLandscapeLeft UIInterfaceOrientationLandscapeRight";
				INFOPLIST_KEY_UISupportedInterfaceOrientations_iPhone = "UIInterfaceOrientationPortrait UIInterfaceOrientationLandscapeLeft UIInterfaceOrientationLandscapeRight";
				IPHONEOS_DEPLOYMENT_TARGET = 13.0;
				LD_RUNPATH_SEARCH_PATHS = (
					"$(inherited)",
					"@executable_path/Frameworks",
				);
				MARKETING_VERSION = 1.0;
				PRODUCT_BUNDLE_IDENTIFIER = com.binshakerr.WeatherChallenge;
				PRODUCT_NAME = "$(TARGET_NAME)";
				SWIFT_EMIT_LOC_STRINGS = YES;
				SWIFT_VERSION = 5.0;
				TARGETED_DEVICE_FAMILY = 1;
			};
			name = Release;
		};
		DCB626EC276C84DD00B14BA0 /* Debug */ = {
			isa = XCBuildConfiguration;
			buildSettings = {
				ALWAYS_EMBED_SWIFT_STANDARD_LIBRARIES = YES;
				BUNDLE_LOADER = "$(TEST_HOST)";
				CLANG_ENABLE_MODULES = YES;
				CODE_SIGN_STYLE = Automatic;
				CURRENT_PROJECT_VERSION = 1;
				DEVELOPMENT_TEAM = N455B9353D;
				GENERATE_INFOPLIST_FILE = YES;
				IPHONEOS_DEPLOYMENT_TARGET = 15.0;
				LD_RUNPATH_SEARCH_PATHS = (
					"$(inherited)",
					"@executable_path/Frameworks",
					"@loader_path/Frameworks",
				);
				MARKETING_VERSION = 1.0;
				PRODUCT_BUNDLE_IDENTIFIER = com.binshakerr.WeatherChallengeTests;
				PRODUCT_NAME = "$(TARGET_NAME)";
				SWIFT_EMIT_LOC_STRINGS = NO;
				SWIFT_OPTIMIZATION_LEVEL = "-Onone";
				SWIFT_VERSION = 5.0;
				TARGETED_DEVICE_FAMILY = "1,2";
				TEST_HOST = "$(BUILT_PRODUCTS_DIR)/WeatherChallenge.app/WeatherChallenge";
			};
			name = Debug;
		};
		DCB626ED276C84DD00B14BA0 /* Release */ = {
			isa = XCBuildConfiguration;
			buildSettings = {
				ALWAYS_EMBED_SWIFT_STANDARD_LIBRARIES = YES;
				BUNDLE_LOADER = "$(TEST_HOST)";
				CLANG_ENABLE_MODULES = YES;
				CODE_SIGN_STYLE = Automatic;
				CURRENT_PROJECT_VERSION = 1;
				DEVELOPMENT_TEAM = N455B9353D;
				GENERATE_INFOPLIST_FILE = YES;
				IPHONEOS_DEPLOYMENT_TARGET = 15.0;
				LD_RUNPATH_SEARCH_PATHS = (
					"$(inherited)",
					"@executable_path/Frameworks",
					"@loader_path/Frameworks",
				);
				MARKETING_VERSION = 1.0;
				PRODUCT_BUNDLE_IDENTIFIER = com.binshakerr.WeatherChallengeTests;
				PRODUCT_NAME = "$(TARGET_NAME)";
				SWIFT_EMIT_LOC_STRINGS = NO;
				SWIFT_VERSION = 5.0;
				TARGETED_DEVICE_FAMILY = "1,2";
				TEST_HOST = "$(BUILT_PRODUCTS_DIR)/WeatherChallenge.app/WeatherChallenge";
			};
			name = Release;
		};
		DCB626EF276C84DD00B14BA0 /* Debug */ = {
			isa = XCBuildConfiguration;
			buildSettings = {
				ALWAYS_EMBED_SWIFT_STANDARD_LIBRARIES = YES;
				CODE_SIGN_STYLE = Automatic;
				CURRENT_PROJECT_VERSION = 1;
				DEVELOPMENT_TEAM = N455B9353D;
				GENERATE_INFOPLIST_FILE = YES;
				LD_RUNPATH_SEARCH_PATHS = (
					"$(inherited)",
					"@executable_path/Frameworks",
					"@loader_path/Frameworks",
				);
				MARKETING_VERSION = 1.0;
				PRODUCT_BUNDLE_IDENTIFIER = com.binshakerr.WeatherChallengeUITests;
				PRODUCT_NAME = "$(TARGET_NAME)";
				SWIFT_EMIT_LOC_STRINGS = NO;
				SWIFT_VERSION = 5.0;
				TARGETED_DEVICE_FAMILY = "1,2";
				TEST_TARGET_NAME = WeatherChallenge;
			};
			name = Debug;
		};
		DCB626F0276C84DD00B14BA0 /* Release */ = {
			isa = XCBuildConfiguration;
			buildSettings = {
				ALWAYS_EMBED_SWIFT_STANDARD_LIBRARIES = YES;
				CODE_SIGN_STYLE = Automatic;
				CURRENT_PROJECT_VERSION = 1;
				DEVELOPMENT_TEAM = N455B9353D;
				GENERATE_INFOPLIST_FILE = YES;
				LD_RUNPATH_SEARCH_PATHS = (
					"$(inherited)",
					"@executable_path/Frameworks",
					"@loader_path/Frameworks",
				);
				MARKETING_VERSION = 1.0;
				PRODUCT_BUNDLE_IDENTIFIER = com.binshakerr.WeatherChallengeUITests;
				PRODUCT_NAME = "$(TARGET_NAME)";
				SWIFT_EMIT_LOC_STRINGS = NO;
				SWIFT_VERSION = 5.0;
				TARGETED_DEVICE_FAMILY = "1,2";
				TEST_TARGET_NAME = WeatherChallenge;
			};
			name = Release;
		};
/* End XCBuildConfiguration section */

/* Begin XCConfigurationList section */
		DCB626B9276C84DC00B14BA0 /* Build configuration list for PBXProject "WeatherChallenge" */ = {
			isa = XCConfigurationList;
			buildConfigurations = (
				DCB626E6276C84DD00B14BA0 /* Debug */,
				DCB626E7276C84DD00B14BA0 /* Release */,
			);
			defaultConfigurationIsVisible = 0;
			defaultConfigurationName = Release;
		};
		DCB626E8276C84DD00B14BA0 /* Build configuration list for PBXNativeTarget "WeatherChallenge" */ = {
			isa = XCConfigurationList;
			buildConfigurations = (
				DCB626E9276C84DD00B14BA0 /* Debug */,
				DCB626EA276C84DD00B14BA0 /* Release */,
			);
			defaultConfigurationIsVisible = 0;
			defaultConfigurationName = Release;
		};
		DCB626EB276C84DD00B14BA0 /* Build configuration list for PBXNativeTarget "WeatherChallengeTests" */ = {
			isa = XCConfigurationList;
			buildConfigurations = (
				DCB626EC276C84DD00B14BA0 /* Debug */,
				DCB626ED276C84DD00B14BA0 /* Release */,
			);
			defaultConfigurationIsVisible = 0;
			defaultConfigurationName = Release;
		};
		DCB626EE276C84DD00B14BA0 /* Build configuration list for PBXNativeTarget "WeatherChallengeUITests" */ = {
			isa = XCConfigurationList;
			buildConfigurations = (
				DCB626EF276C84DD00B14BA0 /* Debug */,
				DCB626F0276C84DD00B14BA0 /* Release */,
			);
			defaultConfigurationIsVisible = 0;
			defaultConfigurationName = Release;
		};
/* End XCConfigurationList section */
	};
	rootObject = DCB626B6276C84DC00B14BA0 /* Project object */;
}
